// !$*UTF8*$!
{
	archiveVersion = 1;
	classes = {
	};
	objectVersion = 56;
	objects = {

/* Begin PBXBuildFile section */
		AB4DB2912A095A3F00181E59 /* AccountCoordinator.swift in Sources */ = {isa = PBXBuildFile; fileRef = AB4DB2902A095A3F00181E59 /* AccountCoordinator.swift */; };
		AB4DB2932A09657200181E59 /* OperationCellViewModel.swift in Sources */ = {isa = PBXBuildFile; fileRef = AB4DB2922A09657200181E59 /* OperationCellViewModel.swift */; };
		AB4DB2942A09657200181E59 /* OperationCellViewModel.swift in Sources */ = {isa = PBXBuildFile; fileRef = AB4DB2922A09657200181E59 /* OperationCellViewModel.swift */; };
		AB4DB2952A09657200181E59 /* OperationCellViewModel.swift in Sources */ = {isa = PBXBuildFile; fileRef = AB4DB2922A09657200181E59 /* OperationCellViewModel.swift */; };
		AB6D53612A081C9F004737A5 /* BankingAppTests.swift in Sources */ = {isa = PBXBuildFile; fileRef = AB6D53602A081C9F004737A5 /* BankingAppTests.swift */; };
		AB6D536B2A081C9F004737A5 /* BankingAppUITests.swift in Sources */ = {isa = PBXBuildFile; fileRef = AB6D536A2A081C9F004737A5 /* BankingAppUITests.swift */; };
		AB6D536D2A081C9F004737A5 /* BankingAppUITestsLaunchTests.swift in Sources */ = {isa = PBXBuildFile; fileRef = AB6D536C2A081C9F004737A5 /* BankingAppUITestsLaunchTests.swift */; };
		AB6D538C2A08213C004737A5 /* Assets.xcassets in Resources */ = {isa = PBXBuildFile; fileRef = AB6D537D2A08213B004737A5 /* Assets.xcassets */; };
		AB6D538D2A08213C004737A5 /* Assets.xcassets in Resources */ = {isa = PBXBuildFile; fileRef = AB6D537D2A08213B004737A5 /* Assets.xcassets */; };
		AB6D538E2A08213C004737A5 /* Assets.xcassets in Resources */ = {isa = PBXBuildFile; fileRef = AB6D537D2A08213B004737A5 /* Assets.xcassets */; };
		AB6D538F2A08213C004737A5 /* LaunchScreen.storyboard in Resources */ = {isa = PBXBuildFile; fileRef = AB6D537E2A08213B004737A5 /* LaunchScreen.storyboard */; };
		AB6D53902A08213C004737A5 /* LaunchScreen.storyboard in Resources */ = {isa = PBXBuildFile; fileRef = AB6D537E2A08213B004737A5 /* LaunchScreen.storyboard */; };
		AB6D53912A08213C004737A5 /* LaunchScreen.storyboard in Resources */ = {isa = PBXBuildFile; fileRef = AB6D537E2A08213B004737A5 /* LaunchScreen.storyboard */; };
		AB6D53922A08213C004737A5 /* Main.storyboard in Resources */ = {isa = PBXBuildFile; fileRef = AB6D53802A08213B004737A5 /* Main.storyboard */; };
		AB6D53932A08213C004737A5 /* Main.storyboard in Resources */ = {isa = PBXBuildFile; fileRef = AB6D53802A08213B004737A5 /* Main.storyboard */; };
		AB6D53942A08213C004737A5 /* Main.storyboard in Resources */ = {isa = PBXBuildFile; fileRef = AB6D53802A08213B004737A5 /* Main.storyboard */; };
		AB6D53952A08213C004737A5 /* AppDelegate.swift in Sources */ = {isa = PBXBuildFile; fileRef = AB6D53822A08213B004737A5 /* AppDelegate.swift */; };
		AB6D53962A08213C004737A5 /* AppDelegate.swift in Sources */ = {isa = PBXBuildFile; fileRef = AB6D53822A08213B004737A5 /* AppDelegate.swift */; };
		AB6D53972A08213C004737A5 /* AppDelegate.swift in Sources */ = {isa = PBXBuildFile; fileRef = AB6D53822A08213B004737A5 /* AppDelegate.swift */; };
		AB6D53982A08213C004737A5 /* SceneDelegate.swift in Sources */ = {isa = PBXBuildFile; fileRef = AB6D53832A08213B004737A5 /* SceneDelegate.swift */; };
		AB6D53992A08213C004737A5 /* SceneDelegate.swift in Sources */ = {isa = PBXBuildFile; fileRef = AB6D53832A08213B004737A5 /* SceneDelegate.swift */; };
		AB6D539A2A08213C004737A5 /* SceneDelegate.swift in Sources */ = {isa = PBXBuildFile; fileRef = AB6D53832A08213B004737A5 /* SceneDelegate.swift */; };
		AB6D53AF2A0823D0004737A5 /* AccountDetailsController.swift in Sources */ = {isa = PBXBuildFile; fileRef = AB6D53A42A0823D0004737A5 /* AccountDetailsController.swift */; };
		AB6D53B02A0823D0004737A5 /* AccountDetailsController.swift in Sources */ = {isa = PBXBuildFile; fileRef = AB6D53A42A0823D0004737A5 /* AccountDetailsController.swift */; };
		AB6D53B12A0823D0004737A5 /* AccountDetailsController.swift in Sources */ = {isa = PBXBuildFile; fileRef = AB6D53A42A0823D0004737A5 /* AccountDetailsController.swift */; };
		AB6D53B22A0823D0004737A5 /* AccountDetailsViewModel.swift in Sources */ = {isa = PBXBuildFile; fileRef = AB6D53A52A0823D0004737A5 /* AccountDetailsViewModel.swift */; };
		AB6D53B32A0823D0004737A5 /* AccountDetailsViewModel.swift in Sources */ = {isa = PBXBuildFile; fileRef = AB6D53A52A0823D0004737A5 /* AccountDetailsViewModel.swift */; };
		AB6D53B42A0823D0004737A5 /* AccountDetailsViewModel.swift in Sources */ = {isa = PBXBuildFile; fileRef = AB6D53A52A0823D0004737A5 /* AccountDetailsViewModel.swift */; };
		AB6D53B52A0823D0004737A5 /* SettingsController.swift in Sources */ = {isa = PBXBuildFile; fileRef = AB6D53A72A0823D0004737A5 /* SettingsController.swift */; };
		AB6D53B62A0823D0004737A5 /* SettingsController.swift in Sources */ = {isa = PBXBuildFile; fileRef = AB6D53A72A0823D0004737A5 /* SettingsController.swift */; };
		AB6D53B72A0823D0004737A5 /* SettingsController.swift in Sources */ = {isa = PBXBuildFile; fileRef = AB6D53A72A0823D0004737A5 /* SettingsController.swift */; };
		AB6D53B82A0823D0004737A5 /* SettingsViewModel.swift in Sources */ = {isa = PBXBuildFile; fileRef = AB6D53A82A0823D0004737A5 /* SettingsViewModel.swift */; };
		AB6D53B92A0823D0004737A5 /* SettingsViewModel.swift in Sources */ = {isa = PBXBuildFile; fileRef = AB6D53A82A0823D0004737A5 /* SettingsViewModel.swift */; };
		AB6D53BA2A0823D0004737A5 /* SettingsViewModel.swift in Sources */ = {isa = PBXBuildFile; fileRef = AB6D53A82A0823D0004737A5 /* SettingsViewModel.swift */; };
		AB6D53BE2A0823D0004737A5 /* MyAccountsController.swift in Sources */ = {isa = PBXBuildFile; fileRef = AB6D53AB2A0823D0004737A5 /* MyAccountsController.swift */; };
		AB6D53BF2A0823D0004737A5 /* MyAccountsController.swift in Sources */ = {isa = PBXBuildFile; fileRef = AB6D53AB2A0823D0004737A5 /* MyAccountsController.swift */; };
		AB6D53C02A0823D0004737A5 /* MyAccountsController.swift in Sources */ = {isa = PBXBuildFile; fileRef = AB6D53AB2A0823D0004737A5 /* MyAccountsController.swift */; };
		AB6D53C12A0823D0004737A5 /* SimulatorViewModel.swift in Sources */ = {isa = PBXBuildFile; fileRef = AB6D53AD2A0823D0004737A5 /* SimulatorViewModel.swift */; };
		AB6D53C22A0823D0004737A5 /* SimulatorViewModel.swift in Sources */ = {isa = PBXBuildFile; fileRef = AB6D53AD2A0823D0004737A5 /* SimulatorViewModel.swift */; };
		AB6D53C32A0823D0004737A5 /* SimulatorViewModel.swift in Sources */ = {isa = PBXBuildFile; fileRef = AB6D53AD2A0823D0004737A5 /* SimulatorViewModel.swift */; };
		AB6D53C42A0823D0004737A5 /* SimulatorController.swift in Sources */ = {isa = PBXBuildFile; fileRef = AB6D53AE2A0823D0004737A5 /* SimulatorController.swift */; };
		AB6D53C52A0823D0004737A5 /* SimulatorController.swift in Sources */ = {isa = PBXBuildFile; fileRef = AB6D53AE2A0823D0004737A5 /* SimulatorController.swift */; };
		AB6D53C62A0823D0004737A5 /* SimulatorController.swift in Sources */ = {isa = PBXBuildFile; fileRef = AB6D53AE2A0823D0004737A5 /* SimulatorController.swift */; };
		ABA376ED2A08FE6100A04185 /* BankAccountCell.swift in Sources */ = {isa = PBXBuildFile; fileRef = ABA376EB2A08FE6100A04185 /* BankAccountCell.swift */; };
		ABA376EE2A08FE6100A04185 /* BankAccountCell.swift in Sources */ = {isa = PBXBuildFile; fileRef = ABA376EB2A08FE6100A04185 /* BankAccountCell.swift */; };
		ABA376EF2A08FE6100A04185 /* BankAccountCell.swift in Sources */ = {isa = PBXBuildFile; fileRef = ABA376EB2A08FE6100A04185 /* BankAccountCell.swift */; };
		ABA376F02A08FE6100A04185 /* BankAccountCell.xib in Resources */ = {isa = PBXBuildFile; fileRef = ABA376EC2A08FE6100A04185 /* BankAccountCell.xib */; };
		ABA376F12A08FE6100A04185 /* BankAccountCell.xib in Resources */ = {isa = PBXBuildFile; fileRef = ABA376EC2A08FE6100A04185 /* BankAccountCell.xib */; };
		ABA376F22A08FE6100A04185 /* BankAccountCell.xib in Resources */ = {isa = PBXBuildFile; fileRef = ABA376EC2A08FE6100A04185 /* BankAccountCell.xib */; };
		ABA376F52A08FE7200A04185 /* SubAccountCell.swift in Sources */ = {isa = PBXBuildFile; fileRef = ABA376F32A08FE7200A04185 /* SubAccountCell.swift */; };
		ABA376F62A08FE7200A04185 /* SubAccountCell.swift in Sources */ = {isa = PBXBuildFile; fileRef = ABA376F32A08FE7200A04185 /* SubAccountCell.swift */; };
		ABA376F72A08FE7200A04185 /* SubAccountCell.swift in Sources */ = {isa = PBXBuildFile; fileRef = ABA376F32A08FE7200A04185 /* SubAccountCell.swift */; };
		ABA376F82A08FE7200A04185 /* SubAccountCell.xib in Resources */ = {isa = PBXBuildFile; fileRef = ABA376F42A08FE7200A04185 /* SubAccountCell.xib */; };
		ABA376F92A08FE7200A04185 /* SubAccountCell.xib in Resources */ = {isa = PBXBuildFile; fileRef = ABA376F42A08FE7200A04185 /* SubAccountCell.xib */; };
		ABA376FA2A08FE7200A04185 /* SubAccountCell.xib in Resources */ = {isa = PBXBuildFile; fileRef = ABA376F42A08FE7200A04185 /* SubAccountCell.xib */; };
		ABA376FE2A09071C00A04185 /* OperationCell.swift in Sources */ = {isa = PBXBuildFile; fileRef = ABA376FC2A09071C00A04185 /* OperationCell.swift */; };
		ABA376FF2A09071C00A04185 /* OperationCell.swift in Sources */ = {isa = PBXBuildFile; fileRef = ABA376FC2A09071C00A04185 /* OperationCell.swift */; };
		ABA377002A09071C00A04185 /* OperationCell.swift in Sources */ = {isa = PBXBuildFile; fileRef = ABA376FC2A09071C00A04185 /* OperationCell.swift */; };
		ABA377012A09071C00A04185 /* OperationCell.xib in Resources */ = {isa = PBXBuildFile; fileRef = ABA376FD2A09071C00A04185 /* OperationCell.xib */; };
		ABA377022A09071C00A04185 /* OperationCell.xib in Resources */ = {isa = PBXBuildFile; fileRef = ABA376FD2A09071C00A04185 /* OperationCell.xib */; };
		ABA377032A09071C00A04185 /* OperationCell.xib in Resources */ = {isa = PBXBuildFile; fileRef = ABA376FD2A09071C00A04185 /* OperationCell.xib */; };
		ABA377072A0913BD00A04185 /* Operation.swift in Sources */ = {isa = PBXBuildFile; fileRef = ABA377042A0913BC00A04185 /* Operation.swift */; };
		ABA377082A0913BD00A04185 /* Operation.swift in Sources */ = {isa = PBXBuildFile; fileRef = ABA377042A0913BC00A04185 /* Operation.swift */; };
		ABA377092A0913BD00A04185 /* Operation.swift in Sources */ = {isa = PBXBuildFile; fileRef = ABA377042A0913BC00A04185 /* Operation.swift */; };
		ABA3770A2A0913BD00A04185 /* BankAccount.swift in Sources */ = {isa = PBXBuildFile; fileRef = ABA377052A0913BC00A04185 /* BankAccount.swift */; };
		ABA3770B2A0913BD00A04185 /* BankAccount.swift in Sources */ = {isa = PBXBuildFile; fileRef = ABA377052A0913BC00A04185 /* BankAccount.swift */; };
		ABA3770C2A0913BD00A04185 /* BankAccount.swift in Sources */ = {isa = PBXBuildFile; fileRef = ABA377052A0913BC00A04185 /* BankAccount.swift */; };
		ABA3770D2A0913BD00A04185 /* Account.swift in Sources */ = {isa = PBXBuildFile; fileRef = ABA377062A0913BC00A04185 /* Account.swift */; };
		ABA3770E2A0913BD00A04185 /* Account.swift in Sources */ = {isa = PBXBuildFile; fileRef = ABA377062A0913BC00A04185 /* Account.swift */; };
		ABA3770F2A0913BD00A04185 /* Account.swift in Sources */ = {isa = PBXBuildFile; fileRef = ABA377062A0913BC00A04185 /* Account.swift */; };
		ABA377112A0916DA00A04185 /* HttpRequestHelper.swift in Sources */ = {isa = PBXBuildFile; fileRef = ABA377102A0916DA00A04185 /* HttpRequestHelper.swift */; };
		ABA377122A0916DA00A04185 /* HttpRequestHelper.swift in Sources */ = {isa = PBXBuildFile; fileRef = ABA377102A0916DA00A04185 /* HttpRequestHelper.swift */; };
		ABA377132A0916DA00A04185 /* HttpRequestHelper.swift in Sources */ = {isa = PBXBuildFile; fileRef = ABA377102A0916DA00A04185 /* HttpRequestHelper.swift */; };
		ABA377152A09172200A04185 /* BankAccountService.swift in Sources */ = {isa = PBXBuildFile; fileRef = ABA377142A09172200A04185 /* BankAccountService.swift */; };
		ABA377162A09172200A04185 /* BankAccountService.swift in Sources */ = {isa = PBXBuildFile; fileRef = ABA377142A09172200A04185 /* BankAccountService.swift */; };
		ABA377172A09172200A04185 /* BankAccountService.swift in Sources */ = {isa = PBXBuildFile; fileRef = ABA377142A09172200A04185 /* BankAccountService.swift */; };
		ABA3771A2A091B3900A04185 /* MyAccountsViewModel.swift in Sources */ = {isa = PBXBuildFile; fileRef = ABA377192A091B3900A04185 /* MyAccountsViewModel.swift */; };
		ABA3771B2A091B3900A04185 /* MyAccountsViewModel.swift in Sources */ = {isa = PBXBuildFile; fileRef = ABA377192A091B3900A04185 /* MyAccountsViewModel.swift */; };
		ABA3771C2A091B3900A04185 /* MyAccountsViewModel.swift in Sources */ = {isa = PBXBuildFile; fileRef = ABA377192A091B3900A04185 /* MyAccountsViewModel.swift */; };
		ABA3771E2A091B6E00A04185 /* BankAccountCellViewModel.swift in Sources */ = {isa = PBXBuildFile; fileRef = ABA3771D2A091B6E00A04185 /* BankAccountCellViewModel.swift */; };
		ABA3771F2A091B6E00A04185 /* BankAccountCellViewModel.swift in Sources */ = {isa = PBXBuildFile; fileRef = ABA3771D2A091B6E00A04185 /* BankAccountCellViewModel.swift */; };
		ABA377202A091B6E00A04185 /* BankAccountCellViewModel.swift in Sources */ = {isa = PBXBuildFile; fileRef = ABA3771D2A091B6E00A04185 /* BankAccountCellViewModel.swift */; };
		ABA377222A091B7E00A04185 /* SubAccountCellViewModel.swift in Sources */ = {isa = PBXBuildFile; fileRef = ABA377212A091B7E00A04185 /* SubAccountCellViewModel.swift */; };
		ABA377232A091B7E00A04185 /* SubAccountCellViewModel.swift in Sources */ = {isa = PBXBuildFile; fileRef = ABA377212A091B7E00A04185 /* SubAccountCellViewModel.swift */; };
		ABA377242A091B7E00A04185 /* SubAccountCellViewModel.swift in Sources */ = {isa = PBXBuildFile; fileRef = ABA377212A091B7E00A04185 /* SubAccountCellViewModel.swift */; };
		ABAF0B362A084B4800019533 /* ApplicationCoordinator.swift in Sources */ = {isa = PBXBuildFile; fileRef = ABAF0B352A084B4800019533 /* ApplicationCoordinator.swift */; };
		ABAF0B372A084B4800019533 /* ApplicationCoordinator.swift in Sources */ = {isa = PBXBuildFile; fileRef = ABAF0B352A084B4800019533 /* ApplicationCoordinator.swift */; };
		ABAF0B382A084B4800019533 /* ApplicationCoordinator.swift in Sources */ = {isa = PBXBuildFile; fileRef = ABAF0B352A084B4800019533 /* ApplicationCoordinator.swift */; };
		ABAF0B3A2A084D7100019533 /* Coordinator.swift in Sources */ = {isa = PBXBuildFile; fileRef = ABAF0B392A084D7100019533 /* Coordinator.swift */; };
		ABAF0B3B2A084D7100019533 /* Coordinator.swift in Sources */ = {isa = PBXBuildFile; fileRef = ABAF0B392A084D7100019533 /* Coordinator.swift */; };
		ABAF0B3C2A084D7100019533 /* Coordinator.swift in Sources */ = {isa = PBXBuildFile; fileRef = ABAF0B392A084D7100019533 /* Coordinator.swift */; };
/* End PBXBuildFile section */

/* Begin PBXContainerItemProxy section */
		AB6D535D2A081C9F004737A5 /* PBXContainerItemProxy */ = {
			isa = PBXContainerItemProxy;
			containerPortal = AB6D533E2A081C9C004737A5 /* Project object */;
			proxyType = 1;
			remoteGlobalIDString = AB6D53452A081C9C004737A5;
			remoteInfo = BankingApp;
		};
		AB6D53672A081C9F004737A5 /* PBXContainerItemProxy */ = {
			isa = PBXContainerItemProxy;
			containerPortal = AB6D533E2A081C9C004737A5 /* Project object */;
			proxyType = 1;
			remoteGlobalIDString = AB6D53452A081C9C004737A5;
			remoteInfo = BankingApp;
		};
/* End PBXContainerItemProxy section */

/* Begin PBXFileReference section */
		AB4DB2902A095A3F00181E59 /* AccountCoordinator.swift */ = {isa = PBXFileReference; lastKnownFileType = sourcecode.swift; path = AccountCoordinator.swift; sourceTree = "<group>"; };
		AB4DB2922A09657200181E59 /* OperationCellViewModel.swift */ = {isa = PBXFileReference; lastKnownFileType = sourcecode.swift; path = OperationCellViewModel.swift; sourceTree = "<group>"; };
		AB6D53462A081C9C004737A5 /* BankingApp.app */ = {isa = PBXFileReference; explicitFileType = wrapper.application; includeInIndex = 0; path = BankingApp.app; sourceTree = BUILT_PRODUCTS_DIR; };
		AB6D53572A081C9F004737A5 /* Info.plist */ = {isa = PBXFileReference; lastKnownFileType = text.plist.xml; path = Info.plist; sourceTree = "<group>"; };
		AB6D535C2A081C9F004737A5 /* BankingAppTests.xctest */ = {isa = PBXFileReference; explicitFileType = wrapper.cfbundle; includeInIndex = 0; path = BankingAppTests.xctest; sourceTree = BUILT_PRODUCTS_DIR; };
		AB6D53602A081C9F004737A5 /* BankingAppTests.swift */ = {isa = PBXFileReference; lastKnownFileType = sourcecode.swift; path = BankingAppTests.swift; sourceTree = "<group>"; };
		AB6D53662A081C9F004737A5 /* BankingAppUITests.xctest */ = {isa = PBXFileReference; explicitFileType = wrapper.cfbundle; includeInIndex = 0; path = BankingAppUITests.xctest; sourceTree = BUILT_PRODUCTS_DIR; };
		AB6D536A2A081C9F004737A5 /* BankingAppUITests.swift */ = {isa = PBXFileReference; lastKnownFileType = sourcecode.swift; path = BankingAppUITests.swift; sourceTree = "<group>"; };
		AB6D536C2A081C9F004737A5 /* BankingAppUITestsLaunchTests.swift */ = {isa = PBXFileReference; lastKnownFileType = sourcecode.swift; path = BankingAppUITestsLaunchTests.swift; sourceTree = "<group>"; };
		AB6D537D2A08213B004737A5 /* Assets.xcassets */ = {isa = PBXFileReference; lastKnownFileType = folder.assetcatalog; path = Assets.xcassets; sourceTree = "<group>"; };
		AB6D537F2A08213B004737A5 /* Base */ = {isa = PBXFileReference; lastKnownFileType = file.storyboard; name = Base; path = Base.lproj/LaunchScreen.storyboard; sourceTree = "<group>"; };
		AB6D53812A08213B004737A5 /* Base */ = {isa = PBXFileReference; lastKnownFileType = file.storyboard; name = Base; path = Base.lproj/Main.storyboard; sourceTree = "<group>"; };
		AB6D53822A08213B004737A5 /* AppDelegate.swift */ = {isa = PBXFileReference; fileEncoding = 4; lastKnownFileType = sourcecode.swift; path = AppDelegate.swift; sourceTree = "<group>"; };
		AB6D53832A08213B004737A5 /* SceneDelegate.swift */ = {isa = PBXFileReference; fileEncoding = 4; lastKnownFileType = sourcecode.swift; path = SceneDelegate.swift; sourceTree = "<group>"; };
		AB6D53A42A0823D0004737A5 /* AccountDetailsController.swift */ = {isa = PBXFileReference; fileEncoding = 4; lastKnownFileType = sourcecode.swift; path = AccountDetailsController.swift; sourceTree = "<group>"; };
		AB6D53A52A0823D0004737A5 /* AccountDetailsViewModel.swift */ = {isa = PBXFileReference; fileEncoding = 4; lastKnownFileType = sourcecode.swift; path = AccountDetailsViewModel.swift; sourceTree = "<group>"; };
		AB6D53A72A0823D0004737A5 /* SettingsController.swift */ = {isa = PBXFileReference; fileEncoding = 4; lastKnownFileType = sourcecode.swift; path = SettingsController.swift; sourceTree = "<group>"; };
		AB6D53A82A0823D0004737A5 /* SettingsViewModel.swift */ = {isa = PBXFileReference; fileEncoding = 4; lastKnownFileType = sourcecode.swift; path = SettingsViewModel.swift; sourceTree = "<group>"; };
		AB6D53AB2A0823D0004737A5 /* MyAccountsController.swift */ = {isa = PBXFileReference; fileEncoding = 4; lastKnownFileType = sourcecode.swift; path = MyAccountsController.swift; sourceTree = "<group>"; };
		AB6D53AD2A0823D0004737A5 /* SimulatorViewModel.swift */ = {isa = PBXFileReference; fileEncoding = 4; lastKnownFileType = sourcecode.swift; path = SimulatorViewModel.swift; sourceTree = "<group>"; };
		AB6D53AE2A0823D0004737A5 /* SimulatorController.swift */ = {isa = PBXFileReference; fileEncoding = 4; lastKnownFileType = sourcecode.swift; path = SimulatorController.swift; sourceTree = "<group>"; };
		ABA376EB2A08FE6100A04185 /* BankAccountCell.swift */ = {isa = PBXFileReference; lastKnownFileType = sourcecode.swift; path = BankAccountCell.swift; sourceTree = "<group>"; };
		ABA376EC2A08FE6100A04185 /* BankAccountCell.xib */ = {isa = PBXFileReference; lastKnownFileType = file.xib; path = BankAccountCell.xib; sourceTree = "<group>"; };
		ABA376F32A08FE7200A04185 /* SubAccountCell.swift */ = {isa = PBXFileReference; lastKnownFileType = sourcecode.swift; path = SubAccountCell.swift; sourceTree = "<group>"; };
		ABA376F42A08FE7200A04185 /* SubAccountCell.xib */ = {isa = PBXFileReference; lastKnownFileType = file.xib; path = SubAccountCell.xib; sourceTree = "<group>"; };
		ABA376FC2A09071C00A04185 /* OperationCell.swift */ = {isa = PBXFileReference; lastKnownFileType = sourcecode.swift; path = OperationCell.swift; sourceTree = "<group>"; };
		ABA376FD2A09071C00A04185 /* OperationCell.xib */ = {isa = PBXFileReference; lastKnownFileType = file.xib; path = OperationCell.xib; sourceTree = "<group>"; };
		ABA377042A0913BC00A04185 /* Operation.swift */ = {isa = PBXFileReference; fileEncoding = 4; lastKnownFileType = sourcecode.swift; path = Operation.swift; sourceTree = "<group>"; };
		ABA377052A0913BC00A04185 /* BankAccount.swift */ = {isa = PBXFileReference; fileEncoding = 4; lastKnownFileType = sourcecode.swift; path = BankAccount.swift; sourceTree = "<group>"; };
		ABA377062A0913BC00A04185 /* Account.swift */ = {isa = PBXFileReference; fileEncoding = 4; lastKnownFileType = sourcecode.swift; path = Account.swift; sourceTree = "<group>"; };
		ABA377102A0916DA00A04185 /* HttpRequestHelper.swift */ = {isa = PBXFileReference; fileEncoding = 4; lastKnownFileType = sourcecode.swift; path = HttpRequestHelper.swift; sourceTree = "<group>"; };
		ABA377142A09172200A04185 /* BankAccountService.swift */ = {isa = PBXFileReference; lastKnownFileType = sourcecode.swift; path = BankAccountService.swift; sourceTree = "<group>"; };
		ABA377192A091B3900A04185 /* MyAccountsViewModel.swift */ = {isa = PBXFileReference; fileEncoding = 4; lastKnownFileType = sourcecode.swift; path = MyAccountsViewModel.swift; sourceTree = "<group>"; };
		ABA3771D2A091B6E00A04185 /* BankAccountCellViewModel.swift */ = {isa = PBXFileReference; lastKnownFileType = sourcecode.swift; path = BankAccountCellViewModel.swift; sourceTree = "<group>"; };
		ABA377212A091B7E00A04185 /* SubAccountCellViewModel.swift */ = {isa = PBXFileReference; lastKnownFileType = sourcecode.swift; path = SubAccountCellViewModel.swift; sourceTree = "<group>"; };
		ABAF0B352A084B4800019533 /* ApplicationCoordinator.swift */ = {isa = PBXFileReference; lastKnownFileType = sourcecode.swift; path = ApplicationCoordinator.swift; sourceTree = "<group>"; };
		ABAF0B392A084D7100019533 /* Coordinator.swift */ = {isa = PBXFileReference; lastKnownFileType = sourcecode.swift; path = Coordinator.swift; sourceTree = "<group>"; };
/* End PBXFileReference section */

/* Begin PBXFrameworksBuildPhase section */
		AB6D53432A081C9C004737A5 /* Frameworks */ = {
			isa = PBXFrameworksBuildPhase;
			buildActionMask = 2147483647;
			files = (
			);
			runOnlyForDeploymentPostprocessing = 0;
		};
		AB6D53592A081C9F004737A5 /* Frameworks */ = {
			isa = PBXFrameworksBuildPhase;
			buildActionMask = 2147483647;
			files = (
			);
			runOnlyForDeploymentPostprocessing = 0;
		};
		AB6D53632A081C9F004737A5 /* Frameworks */ = {
			isa = PBXFrameworksBuildPhase;
			buildActionMask = 2147483647;
			files = (
			);
			runOnlyForDeploymentPostprocessing = 0;
		};
/* End PBXFrameworksBuildPhase section */

/* Begin PBXGroup section */
		AB4C7B062A086AC400E18A06 /* Utilities */ = {
			isa = PBXGroup;
			children = (
				ABA377102A0916DA00A04185 /* HttpRequestHelper.swift */,
			);
			path = Utilities;
			sourceTree = "<group>";
		};
		AB6D533D2A081C9C004737A5 = {
			isa = PBXGroup;
			children = (
				AB6D53482A081C9C004737A5 /* BankingApp */,
				AB6D535F2A081C9F004737A5 /* BankingAppTests */,
				AB6D53692A081C9F004737A5 /* BankingAppUITests */,
				AB6D53472A081C9C004737A5 /* Products */,
			);
			sourceTree = "<group>";
		};
		AB6D53472A081C9C004737A5 /* Products */ = {
			isa = PBXGroup;
			children = (
				AB6D53462A081C9C004737A5 /* BankingApp.app */,
				AB6D535C2A081C9F004737A5 /* BankingAppTests.xctest */,
				AB6D53662A081C9F004737A5 /* BankingAppUITests.xctest */,
			);
			name = Products;
			sourceTree = "<group>";
		};
		AB6D53482A081C9C004737A5 /* BankingApp */ = {
			isa = PBXGroup;
			children = (
				AB4C7B062A086AC400E18A06 /* Utilities */,
				AB6D53842A08213B004737A5 /* Main */,
				AB6D537C2A08213B004737A5 /* Ressources */,
				AB6D53792A08213B004737A5 /* Services */,
				AB6D53572A081C9F004737A5 /* Info.plist */,
			);
			path = BankingApp;
			sourceTree = "<group>";
		};
		AB6D535F2A081C9F004737A5 /* BankingAppTests */ = {
			isa = PBXGroup;
			children = (
				AB6D53602A081C9F004737A5 /* BankingAppTests.swift */,
			);
			path = BankingAppTests;
			sourceTree = "<group>";
		};
		AB6D53692A081C9F004737A5 /* BankingAppUITests */ = {
			isa = PBXGroup;
			children = (
				AB6D536A2A081C9F004737A5 /* BankingAppUITests.swift */,
				AB6D536C2A081C9F004737A5 /* BankingAppUITestsLaunchTests.swift */,
			);
			path = BankingAppUITests;
			sourceTree = "<group>";
		};
		AB6D53792A08213B004737A5 /* Services */ = {
			isa = PBXGroup;
			children = (
				AB6D537A2A08213B004737A5 /* Network */,
				AB6D537B2A08213B004737A5 /* Application */,
			);
			path = Services;
			sourceTree = "<group>";
		};
		AB6D537A2A08213B004737A5 /* Network */ = {
			isa = PBXGroup;
			children = (
				ABA377142A09172200A04185 /* BankAccountService.swift */,
			);
			path = Network;
			sourceTree = "<group>";
		};
		AB6D537B2A08213B004737A5 /* Application */ = {
			isa = PBXGroup;
			children = (
				ABAF0B352A084B4800019533 /* ApplicationCoordinator.swift */,
				AB4DB2902A095A3F00181E59 /* AccountCoordinator.swift */,
				ABAF0B392A084D7100019533 /* Coordinator.swift */,
			);
			path = Application;
			sourceTree = "<group>";
		};
		AB6D537C2A08213B004737A5 /* Ressources */ = {
			isa = PBXGroup;
			children = (
				AB6D537D2A08213B004737A5 /* Assets.xcassets */,
				AB6D537E2A08213B004737A5 /* LaunchScreen.storyboard */,
				AB6D53802A08213B004737A5 /* Main.storyboard */,
				AB6D53822A08213B004737A5 /* AppDelegate.swift */,
				AB6D53832A08213B004737A5 /* SceneDelegate.swift */,
			);
			path = Ressources;
			sourceTree = "<group>";
		};
		AB6D53842A08213B004737A5 /* Main */ = {
			isa = PBXGroup;
			children = (
				AB6D53A22A0823D0004737A5 /* Controllers */,
				AB6D53852A08213B004737A5 /* Model */,
			);
			path = Main;
			sourceTree = "<group>";
		};
		AB6D53852A08213B004737A5 /* Model */ = {
			isa = PBXGroup;
			children = (
				ABA377052A0913BC00A04185 /* BankAccount.swift */,
				ABA377062A0913BC00A04185 /* Account.swift */,
				ABA377042A0913BC00A04185 /* Operation.swift */,
			);
			path = Model;
			sourceTree = "<group>";
		};
		AB6D53A22A0823D0004737A5 /* Controllers */ = {
			isa = PBXGroup;
			children = (
				AB6D53A32A0823D0004737A5 /* AcoountDetails */,
				AB6D53A62A0823D0004737A5 /* Settings */,
				AB6D53A92A0823D0004737A5 /* MyAccounts */,
				AB6D53AC2A0823D0004737A5 /* Simulator */,
			);
			path = Controllers;
			sourceTree = "<group>";
		};
		AB6D53A32A0823D0004737A5 /* AcoountDetails */ = {
			isa = PBXGroup;
			children = (
				AB6D53A52A0823D0004737A5 /* AccountDetailsViewModel.swift */,
				AB6D53A42A0823D0004737A5 /* AccountDetailsController.swift */,
				ABA376FB2A09056D00A04185 /* Cells */,
			);
			path = AcoountDetails;
			sourceTree = "<group>";
		};
		AB6D53A62A0823D0004737A5 /* Settings */ = {
			isa = PBXGroup;
			children = (
				AB6D53A82A0823D0004737A5 /* SettingsViewModel.swift */,
				AB6D53A72A0823D0004737A5 /* SettingsController.swift */,
			);
			path = Settings;
			sourceTree = "<group>";
		};
		AB6D53A92A0823D0004737A5 /* MyAccounts */ = {
			isa = PBXGroup;
			children = (
				ABA376EA2A08FE4A00A04185 /* Cells */,
				ABA377182A091B3900A04185 /* ViewModel */,
				AB6D53AB2A0823D0004737A5 /* MyAccountsController.swift */,
			);
			path = MyAccounts;
			sourceTree = "<group>";
		};
		AB6D53AC2A0823D0004737A5 /* Simulator */ = {
			isa = PBXGroup;
			children = (
				AB6D53AD2A0823D0004737A5 /* SimulatorViewModel.swift */,
				AB6D53AE2A0823D0004737A5 /* SimulatorController.swift */,
			);
			path = Simulator;
			sourceTree = "<group>";
		};
		ABA376EA2A08FE4A00A04185 /* Cells */ = {
			isa = PBXGroup;
			children = (
				ABA376EB2A08FE6100A04185 /* BankAccountCell.swift */,
				ABA376EC2A08FE6100A04185 /* BankAccountCell.xib */,
				ABA376F32A08FE7200A04185 /* SubAccountCell.swift */,
				ABA376F42A08FE7200A04185 /* SubAccountCell.xib */,
			);
			path = Cells;
			sourceTree = "<group>";
		};
		ABA376FB2A09056D00A04185 /* Cells */ = {
			isa = PBXGroup;
			children = (
				ABA376FC2A09071C00A04185 /* OperationCell.swift */,
				ABA376FD2A09071C00A04185 /* OperationCell.xib */,
			);
			path = Cells;
			sourceTree = "<group>";
		};
		ABA377182A091B3900A04185 /* ViewModel */ = {
			isa = PBXGroup;
			children = (
				ABA377192A091B3900A04185 /* MyAccountsViewModel.swift */,
				ABA3771D2A091B6E00A04185 /* BankAccountCellViewModel.swift */,
				ABA377212A091B7E00A04185 /* SubAccountCellViewModel.swift */,
				AB4DB2922A09657200181E59 /* OperationCellViewModel.swift */,
			);
			path = ViewModel;
			sourceTree = "<group>";
		};
/* End PBXGroup section */

/* Begin PBXNativeTarget section */
		AB6D53452A081C9C004737A5 /* BankingApp */ = {
			isa = PBXNativeTarget;
			buildConfigurationList = AB6D53702A081C9F004737A5 /* Build configuration list for PBXNativeTarget "BankingApp" */;
			buildPhases = (
				AB6D53422A081C9C004737A5 /* Sources */,
				AB6D53432A081C9C004737A5 /* Frameworks */,
				AB6D53442A081C9C004737A5 /* Resources */,
			);
			buildRules = (
			);
			dependencies = (
			);
			name = BankingApp;
			productName = BankingApp;
			productReference = AB6D53462A081C9C004737A5 /* BankingApp.app */;
			productType = "com.apple.product-type.application";
		};
		AB6D535B2A081C9F004737A5 /* BankingAppTests */ = {
			isa = PBXNativeTarget;
			buildConfigurationList = AB6D53732A081C9F004737A5 /* Build configuration list for PBXNativeTarget "BankingAppTests" */;
			buildPhases = (
				AB6D53582A081C9F004737A5 /* Sources */,
				AB6D53592A081C9F004737A5 /* Frameworks */,
				AB6D535A2A081C9F004737A5 /* Resources */,
			);
			buildRules = (
			);
			dependencies = (
				AB6D535E2A081C9F004737A5 /* PBXTargetDependency */,
			);
			name = BankingAppTests;
			productName = BankingAppTests;
			productReference = AB6D535C2A081C9F004737A5 /* BankingAppTests.xctest */;
			productType = "com.apple.product-type.bundle.unit-test";
		};
		AB6D53652A081C9F004737A5 /* BankingAppUITests */ = {
			isa = PBXNativeTarget;
			buildConfigurationList = AB6D53762A081C9F004737A5 /* Build configuration list for PBXNativeTarget "BankingAppUITests" */;
			buildPhases = (
				AB6D53622A081C9F004737A5 /* Sources */,
				AB6D53632A081C9F004737A5 /* Frameworks */,
				AB6D53642A081C9F004737A5 /* Resources */,
			);
			buildRules = (
			);
			dependencies = (
				AB6D53682A081C9F004737A5 /* PBXTargetDependency */,
			);
			name = BankingAppUITests;
			productName = BankingAppUITests;
			productReference = AB6D53662A081C9F004737A5 /* BankingAppUITests.xctest */;
			productType = "com.apple.product-type.bundle.ui-testing";
		};
/* End PBXNativeTarget section */

/* Begin PBXProject section */
		AB6D533E2A081C9C004737A5 /* Project object */ = {
			isa = PBXProject;
			attributes = {
				BuildIndependentTargetsInParallel = 1;
				LastSwiftUpdateCheck = 1410;
				LastUpgradeCheck = 1410;
				TargetAttributes = {
					AB6D53452A081C9C004737A5 = {
						CreatedOnToolsVersion = 14.1;
					};
					AB6D535B2A081C9F004737A5 = {
						CreatedOnToolsVersion = 14.1;
						TestTargetID = AB6D53452A081C9C004737A5;
					};
					AB6D53652A081C9F004737A5 = {
						CreatedOnToolsVersion = 14.1;
						TestTargetID = AB6D53452A081C9C004737A5;
					};
				};
			};
			buildConfigurationList = AB6D53412A081C9C004737A5 /* Build configuration list for PBXProject "BankingApp" */;
			compatibilityVersion = "Xcode 14.0";
			developmentRegion = en;
			hasScannedForEncodings = 0;
			knownRegions = (
				en,
				Base,
			);
			mainGroup = AB6D533D2A081C9C004737A5;
			productRefGroup = AB6D53472A081C9C004737A5 /* Products */;
			projectDirPath = "";
			projectRoot = "";
			targets = (
				AB6D53452A081C9C004737A5 /* BankingApp */,
				AB6D535B2A081C9F004737A5 /* BankingAppTests */,
				AB6D53652A081C9F004737A5 /* BankingAppUITests */,
			);
		};
/* End PBXProject section */

/* Begin PBXResourcesBuildPhase section */
		AB6D53442A081C9C004737A5 /* Resources */ = {
			isa = PBXResourcesBuildPhase;
			buildActionMask = 2147483647;
			files = (
				AB6D53922A08213C004737A5 /* Main.storyboard in Resources */,
				ABA376F02A08FE6100A04185 /* BankAccountCell.xib in Resources */,
				AB6D538C2A08213C004737A5 /* Assets.xcassets in Resources */,
				ABA376F82A08FE7200A04185 /* SubAccountCell.xib in Resources */,
				AB6D538F2A08213C004737A5 /* LaunchScreen.storyboard in Resources */,
				ABA377012A09071C00A04185 /* OperationCell.xib in Resources */,
			);
			runOnlyForDeploymentPostprocessing = 0;
		};
		AB6D535A2A081C9F004737A5 /* Resources */ = {
			isa = PBXResourcesBuildPhase;
			buildActionMask = 2147483647;
			files = (
				AB6D53932A08213C004737A5 /* Main.storyboard in Resources */,
				ABA376F12A08FE6100A04185 /* BankAccountCell.xib in Resources */,
				AB6D538D2A08213C004737A5 /* Assets.xcassets in Resources */,
				ABA376F92A08FE7200A04185 /* SubAccountCell.xib in Resources */,
				AB6D53902A08213C004737A5 /* LaunchScreen.storyboard in Resources */,
				ABA377022A09071C00A04185 /* OperationCell.xib in Resources */,
			);
			runOnlyForDeploymentPostprocessing = 0;
		};
		AB6D53642A081C9F004737A5 /* Resources */ = {
			isa = PBXResourcesBuildPhase;
			buildActionMask = 2147483647;
			files = (
				AB6D53942A08213C004737A5 /* Main.storyboard in Resources */,
				ABA376F22A08FE6100A04185 /* BankAccountCell.xib in Resources */,
				AB6D538E2A08213C004737A5 /* Assets.xcassets in Resources */,
				ABA376FA2A08FE7200A04185 /* SubAccountCell.xib in Resources */,
				AB6D53912A08213C004737A5 /* LaunchScreen.storyboard in Resources */,
				ABA377032A09071C00A04185 /* OperationCell.xib in Resources */,
			);
			runOnlyForDeploymentPostprocessing = 0;
		};
/* End PBXResourcesBuildPhase section */

/* Begin PBXSourcesBuildPhase section */
		AB6D53422A081C9C004737A5 /* Sources */ = {
			isa = PBXSourcesBuildPhase;
			buildActionMask = 2147483647;
			files = (
				ABA376FE2A09071C00A04185 /* OperationCell.swift in Sources */,
				AB6D53952A08213C004737A5 /* AppDelegate.swift in Sources */,
				AB6D53B52A0823D0004737A5 /* SettingsController.swift in Sources */,
				AB6D53982A08213C004737A5 /* SceneDelegate.swift in Sources */,
				ABA3770D2A0913BD00A04185 /* Account.swift in Sources */,
				ABA376F52A08FE7200A04185 /* SubAccountCell.swift in Sources */,
				AB6D53C42A0823D0004737A5 /* SimulatorController.swift in Sources */,
				AB6D53AF2A0823D0004737A5 /* AccountDetailsController.swift in Sources */,
				AB6D53B22A0823D0004737A5 /* AccountDetailsViewModel.swift in Sources */,
				AB4DB2932A09657200181E59 /* OperationCellViewModel.swift in Sources */,
				ABA3770A2A0913BD00A04185 /* BankAccount.swift in Sources */,
				AB6D53B82A0823D0004737A5 /* SettingsViewModel.swift in Sources */,
				ABA376ED2A08FE6100A04185 /* BankAccountCell.swift in Sources */,
				ABA3771A2A091B3900A04185 /* MyAccountsViewModel.swift in Sources */,
				ABA377152A09172200A04185 /* BankAccountService.swift in Sources */,
				ABA377072A0913BD00A04185 /* Operation.swift in Sources */,
				ABAF0B3A2A084D7100019533 /* Coordinator.swift in Sources */,
				ABA3771E2A091B6E00A04185 /* BankAccountCellViewModel.swift in Sources */,
				AB4DB2912A095A3F00181E59 /* AccountCoordinator.swift in Sources */,
				AB6D53C12A0823D0004737A5 /* SimulatorViewModel.swift in Sources */,
				AB6D53BE2A0823D0004737A5 /* MyAccountsController.swift in Sources */,
				ABA377222A091B7E00A04185 /* SubAccountCellViewModel.swift in Sources */,
				ABAF0B362A084B4800019533 /* ApplicationCoordinator.swift in Sources */,
				ABA377112A0916DA00A04185 /* HttpRequestHelper.swift in Sources */,
			);
			runOnlyForDeploymentPostprocessing = 0;
		};
		AB6D53582A081C9F004737A5 /* Sources */ = {
			isa = PBXSourcesBuildPhase;
			buildActionMask = 2147483647;
			files = (
				AB6D53B62A0823D0004737A5 /* SettingsController.swift in Sources */,
				AB6D53B32A0823D0004737A5 /* AccountDetailsViewModel.swift in Sources */,
				ABA377162A09172200A04185 /* BankAccountService.swift in Sources */,
				ABAF0B3B2A084D7100019533 /* Coordinator.swift in Sources */,
				AB6D53C22A0823D0004737A5 /* SimulatorViewModel.swift in Sources */,
				AB6D53B02A0823D0004737A5 /* AccountDetailsController.swift in Sources */,
				AB6D53BF2A0823D0004737A5 /* MyAccountsController.swift in Sources */,
				ABA377232A091B7E00A04185 /* SubAccountCellViewModel.swift in Sources */,
				AB6D53962A08213C004737A5 /* AppDelegate.swift in Sources */,
				AB4DB2942A09657200181E59 /* OperationCellViewModel.swift in Sources */,
				AB6D53612A081C9F004737A5 /* BankingAppTests.swift in Sources */,
				ABA3771B2A091B3900A04185 /* MyAccountsViewModel.swift in Sources */,
				ABA376EE2A08FE6100A04185 /* BankAccountCell.swift in Sources */,
				ABA376F62A08FE7200A04185 /* SubAccountCell.swift in Sources */,
				AB6D53992A08213C004737A5 /* SceneDelegate.swift in Sources */,
				AB6D53C52A0823D0004737A5 /* SimulatorController.swift in Sources */,
				ABA3770B2A0913BD00A04185 /* BankAccount.swift in Sources */,
				ABA377082A0913BD00A04185 /* Operation.swift in Sources */,
				ABA377122A0916DA00A04185 /* HttpRequestHelper.swift in Sources */,
				AB6D53B92A0823D0004737A5 /* SettingsViewModel.swift in Sources */,
				ABAF0B372A084B4800019533 /* ApplicationCoordinator.swift in Sources */,
				ABA3770E2A0913BD00A04185 /* Account.swift in Sources */,
				ABA3771F2A091B6E00A04185 /* BankAccountCellViewModel.swift in Sources */,
				ABA376FF2A09071C00A04185 /* OperationCell.swift in Sources */,
			);
			runOnlyForDeploymentPostprocessing = 0;
		};
		AB6D53622A081C9F004737A5 /* Sources */ = {
			isa = PBXSourcesBuildPhase;
			buildActionMask = 2147483647;
			files = (
				AB6D53972A08213C004737A5 /* AppDelegate.swift in Sources */,
				ABAF0B382A084B4800019533 /* ApplicationCoordinator.swift in Sources */,
				AB6D536B2A081C9F004737A5 /* BankingAppUITests.swift in Sources */,
				AB6D53C02A0823D0004737A5 /* MyAccountsController.swift in Sources */,
				ABA3770F2A0913BD00A04185 /* Account.swift in Sources */,
				ABA377092A0913BD00A04185 /* Operation.swift in Sources */,
				AB6D536D2A081C9F004737A5 /* BankingAppUITestsLaunchTests.swift in Sources */,
				ABA376F72A08FE7200A04185 /* SubAccountCell.swift in Sources */,
				ABA377202A091B6E00A04185 /* BankAccountCellViewModel.swift in Sources */,
				ABAF0B3C2A084D7100019533 /* Coordinator.swift in Sources */,
				AB4DB2952A09657200181E59 /* OperationCellViewModel.swift in Sources */,
				AB6D53C32A0823D0004737A5 /* SimulatorViewModel.swift in Sources */,
				ABA377172A09172200A04185 /* BankAccountService.swift in Sources */,
				AB6D53B72A0823D0004737A5 /* SettingsController.swift in Sources */,
				ABA376EF2A08FE6100A04185 /* BankAccountCell.swift in Sources */,
				ABA377002A09071C00A04185 /* OperationCell.swift in Sources */,
				ABA3771C2A091B3900A04185 /* MyAccountsViewModel.swift in Sources */,
				AB6D53B42A0823D0004737A5 /* AccountDetailsViewModel.swift in Sources */,
				AB6D53C62A0823D0004737A5 /* SimulatorController.swift in Sources */,
				ABA3770C2A0913BD00A04185 /* BankAccount.swift in Sources */,
				ABA377242A091B7E00A04185 /* SubAccountCellViewModel.swift in Sources */,
				AB6D53B12A0823D0004737A5 /* AccountDetailsController.swift in Sources */,
				AB6D539A2A08213C004737A5 /* SceneDelegate.swift in Sources */,
				ABA377132A0916DA00A04185 /* HttpRequestHelper.swift in Sources */,
				AB6D53BA2A0823D0004737A5 /* SettingsViewModel.swift in Sources */,
			);
			runOnlyForDeploymentPostprocessing = 0;
		};
/* End PBXSourcesBuildPhase section */

/* Begin PBXTargetDependency section */
		AB6D535E2A081C9F004737A5 /* PBXTargetDependency */ = {
			isa = PBXTargetDependency;
			target = AB6D53452A081C9C004737A5 /* BankingApp */;
			targetProxy = AB6D535D2A081C9F004737A5 /* PBXContainerItemProxy */;
		};
		AB6D53682A081C9F004737A5 /* PBXTargetDependency */ = {
			isa = PBXTargetDependency;
			target = AB6D53452A081C9C004737A5 /* BankingApp */;
			targetProxy = AB6D53672A081C9F004737A5 /* PBXContainerItemProxy */;
		};
/* End PBXTargetDependency section */

/* Begin PBXVariantGroup section */
		AB6D537E2A08213B004737A5 /* LaunchScreen.storyboard */ = {
			isa = PBXVariantGroup;
			children = (
				AB6D537F2A08213B004737A5 /* Base */,
			);
			name = LaunchScreen.storyboard;
			sourceTree = "<group>";
		};
		AB6D53802A08213B004737A5 /* Main.storyboard */ = {
			isa = PBXVariantGroup;
			children = (
				AB6D53812A08213B004737A5 /* Base */,
			);
			name = Main.storyboard;
			sourceTree = "<group>";
		};
/* End PBXVariantGroup section */

/* Begin XCBuildConfiguration section */
		AB6D536E2A081C9F004737A5 /* Debug */ = {
			isa = XCBuildConfiguration;
			buildSettings = {
				ALWAYS_SEARCH_USER_PATHS = NO;
				CLANG_ANALYZER_NONNULL = YES;
				CLANG_ANALYZER_NUMBER_OBJECT_CONVERSION = YES_AGGRESSIVE;
				CLANG_CXX_LANGUAGE_STANDARD = "gnu++20";
				CLANG_ENABLE_MODULES = YES;
				CLANG_ENABLE_OBJC_ARC = YES;
				CLANG_ENABLE_OBJC_WEAK = YES;
				CLANG_WARN_BLOCK_CAPTURE_AUTORELEASING = YES;
				CLANG_WARN_BOOL_CONVERSION = YES;
				CLANG_WARN_COMMA = YES;
				CLANG_WARN_CONSTANT_CONVERSION = YES;
				CLANG_WARN_DEPRECATED_OBJC_IMPLEMENTATIONS = YES;
				CLANG_WARN_DIRECT_OBJC_ISA_USAGE = YES_ERROR;
				CLANG_WARN_DOCUMENTATION_COMMENTS = YES;
				CLANG_WARN_EMPTY_BODY = YES;
				CLANG_WARN_ENUM_CONVERSION = YES;
				CLANG_WARN_INFINITE_RECURSION = YES;
				CLANG_WARN_INT_CONVERSION = YES;
				CLANG_WARN_NON_LITERAL_NULL_CONVERSION = YES;
				CLANG_WARN_OBJC_IMPLICIT_RETAIN_SELF = YES;
				CLANG_WARN_OBJC_LITERAL_CONVERSION = YES;
				CLANG_WARN_OBJC_ROOT_CLASS = YES_ERROR;
				CLANG_WARN_QUOTED_INCLUDE_IN_FRAMEWORK_HEADER = YES;
				CLANG_WARN_RANGE_LOOP_ANALYSIS = YES;
				CLANG_WARN_STRICT_PROTOTYPES = YES;
				CLANG_WARN_SUSPICIOUS_MOVE = YES;
				CLANG_WARN_UNGUARDED_AVAILABILITY = YES_AGGRESSIVE;
				CLANG_WARN_UNREACHABLE_CODE = YES;
				CLANG_WARN__DUPLICATE_METHOD_MATCH = YES;
				COPY_PHASE_STRIP = NO;
				DEBUG_INFORMATION_FORMAT = dwarf;
				ENABLE_STRICT_OBJC_MSGSEND = YES;
				ENABLE_TESTABILITY = YES;
				GCC_C_LANGUAGE_STANDARD = gnu11;
				GCC_DYNAMIC_NO_PIC = NO;
				GCC_NO_COMMON_BLOCKS = YES;
				GCC_OPTIMIZATION_LEVEL = 0;
				GCC_PREPROCESSOR_DEFINITIONS = (
					"DEBUG=1",
					"$(inherited)",
				);
				GCC_WARN_64_TO_32_BIT_CONVERSION = YES;
				GCC_WARN_ABOUT_RETURN_TYPE = YES_ERROR;
				GCC_WARN_UNDECLARED_SELECTOR = YES;
				GCC_WARN_UNINITIALIZED_AUTOS = YES_AGGRESSIVE;
				GCC_WARN_UNUSED_FUNCTION = YES;
				GCC_WARN_UNUSED_VARIABLE = YES;
				IPHONEOS_DEPLOYMENT_TARGET = 14.0;
				MTL_ENABLE_DEBUG_INFO = INCLUDE_SOURCE;
				MTL_FAST_MATH = YES;
				ONLY_ACTIVE_ARCH = YES;
				SDKROOT = iphoneos;
				SWIFT_ACTIVE_COMPILATION_CONDITIONS = DEBUG;
				SWIFT_OPTIMIZATION_LEVEL = "-Onone";
			};
			name = Debug;
		};
		AB6D536F2A081C9F004737A5 /* Release */ = {
			isa = XCBuildConfiguration;
			buildSettings = {
				ALWAYS_SEARCH_USER_PATHS = NO;
				CLANG_ANALYZER_NONNULL = YES;
				CLANG_ANALYZER_NUMBER_OBJECT_CONVERSION = YES_AGGRESSIVE;
				CLANG_CXX_LANGUAGE_STANDARD = "gnu++20";
				CLANG_ENABLE_MODULES = YES;
				CLANG_ENABLE_OBJC_ARC = YES;
				CLANG_ENABLE_OBJC_WEAK = YES;
				CLANG_WARN_BLOCK_CAPTURE_AUTORELEASING = YES;
				CLANG_WARN_BOOL_CONVERSION = YES;
				CLANG_WARN_COMMA = YES;
				CLANG_WARN_CONSTANT_CONVERSION = YES;
				CLANG_WARN_DEPRECATED_OBJC_IMPLEMENTATIONS = YES;
				CLANG_WARN_DIRECT_OBJC_ISA_USAGE = YES_ERROR;
				CLANG_WARN_DOCUMENTATION_COMMENTS = YES;
				CLANG_WARN_EMPTY_BODY = YES;
				CLANG_WARN_ENUM_CONVERSION = YES;
				CLANG_WARN_INFINITE_RECURSION = YES;
				CLANG_WARN_INT_CONVERSION = YES;
				CLANG_WARN_NON_LITERAL_NULL_CONVERSION = YES;
				CLANG_WARN_OBJC_IMPLICIT_RETAIN_SELF = YES;
				CLANG_WARN_OBJC_LITERAL_CONVERSION = YES;
				CLANG_WARN_OBJC_ROOT_CLASS = YES_ERROR;
				CLANG_WARN_QUOTED_INCLUDE_IN_FRAMEWORK_HEADER = YES;
				CLANG_WARN_RANGE_LOOP_ANALYSIS = YES;
				CLANG_WARN_STRICT_PROTOTYPES = YES;
				CLANG_WARN_SUSPICIOUS_MOVE = YES;
				CLANG_WARN_UNGUARDED_AVAILABILITY = YES_AGGRESSIVE;
				CLANG_WARN_UNREACHABLE_CODE = YES;
				CLANG_WARN__DUPLICATE_METHOD_MATCH = YES;
				COPY_PHASE_STRIP = NO;
				DEBUG_INFORMATION_FORMAT = "dwarf-with-dsym";
				ENABLE_NS_ASSERTIONS = NO;
				ENABLE_STRICT_OBJC_MSGSEND = YES;
				GCC_C_LANGUAGE_STANDARD = gnu11;
				GCC_NO_COMMON_BLOCKS = YES;
				GCC_WARN_64_TO_32_BIT_CONVERSION = YES;
				GCC_WARN_ABOUT_RETURN_TYPE = YES_ERROR;
				GCC_WARN_UNDECLARED_SELECTOR = YES;
				GCC_WARN_UNINITIALIZED_AUTOS = YES_AGGRESSIVE;
				GCC_WARN_UNUSED_FUNCTION = YES;
				GCC_WARN_UNUSED_VARIABLE = YES;
				IPHONEOS_DEPLOYMENT_TARGET = 14.0;
				MTL_ENABLE_DEBUG_INFO = NO;
				MTL_FAST_MATH = YES;
				SDKROOT = iphoneos;
				SWIFT_COMPILATION_MODE = wholemodule;
				SWIFT_OPTIMIZATION_LEVEL = "-O";
				VALIDATE_PRODUCT = YES;
			};
			name = Release;
		};
		AB6D53712A081C9F004737A5 /* Debug */ = {
			isa = XCBuildConfiguration;
			buildSettings = {
				ASSETCATALOG_COMPILER_APPICON_NAME = AppIcon;
				ASSETCATALOG_COMPILER_GLOBAL_ACCENT_COLOR_NAME = AccentColor;
				CODE_SIGN_STYLE = Automatic;
				CURRENT_PROJECT_VERSION = 1;
				GENERATE_INFOPLIST_FILE = YES;
				INFOPLIST_FILE = BankingApp/Info.plist;
				INFOPLIST_KEY_UIApplicationSupportsIndirectInputEvents = YES;
				INFOPLIST_KEY_UILaunchStoryboardName = LaunchScreen.storyboard;
				INFOPLIST_KEY_UISupportedInterfaceOrientations = UIInterfaceOrientationPortrait;
				IPHONEOS_DEPLOYMENT_TARGET = 14.0;
				LD_RUNPATH_SEARCH_PATHS = (
					"$(inherited)",
					"@executable_path/Frameworks",
				);
				MARKETING_VERSION = 1.0;
				PRODUCT_BUNDLE_IDENTIFIER = com.test.BankingApp;
				PRODUCT_NAME = "$(TARGET_NAME)";
				SUPPORTED_PLATFORMS = "iphoneos iphonesimulator";
				SUPPORTS_MACCATALYST = NO;
				SUPPORTS_MAC_DESIGNED_FOR_IPHONE_IPAD = NO;
				SWIFT_EMIT_LOC_STRINGS = YES;
				SWIFT_VERSION = 5.0;
				TARGETED_DEVICE_FAMILY = 1;
			};
			name = Debug;
		};
		AB6D53722A081C9F004737A5 /* Release */ = {
			isa = XCBuildConfiguration;
			buildSettings = {
				ASSETCATALOG_COMPILER_APPICON_NAME = AppIcon;
				ASSETCATALOG_COMPILER_GLOBAL_ACCENT_COLOR_NAME = AccentColor;
				CODE_SIGN_STYLE = Automatic;
				CURRENT_PROJECT_VERSION = 1;
				GENERATE_INFOPLIST_FILE = YES;
				INFOPLIST_FILE = BankingApp/Info.plist;
				INFOPLIST_KEY_UIApplicationSupportsIndirectInputEvents = YES;
				INFOPLIST_KEY_UILaunchStoryboardName = LaunchScreen.storyboard;
				INFOPLIST_KEY_UISupportedInterfaceOrientations = UIInterfaceOrientationPortrait;
				IPHONEOS_DEPLOYMENT_TARGET = 14.0;
				LD_RUNPATH_SEARCH_PATHS = (
					"$(inherited)",
					"@executable_path/Frameworks",
				);
				MARKETING_VERSION = 1.0;
				PRODUCT_BUNDLE_IDENTIFIER = com.test.BankingApp;
				PRODUCT_NAME = "$(TARGET_NAME)";
				SUPPORTED_PLATFORMS = "iphoneos iphonesimulator";
				SUPPORTS_MACCATALYST = NO;
				SUPPORTS_MAC_DESIGNED_FOR_IPHONE_IPAD = NO;
				SWIFT_EMIT_LOC_STRINGS = YES;
				SWIFT_VERSION = 5.0;
				TARGETED_DEVICE_FAMILY = 1;
			};
			name = Release;
		};
		AB6D53742A081C9F004737A5 /* Debug */ = {
			isa = XCBuildConfiguration;
			buildSettings = {
				ALWAYS_EMBED_SWIFT_STANDARD_LIBRARIES = YES;
				BUNDLE_LOADER = "$(TEST_HOST)";
				CODE_SIGN_STYLE = Automatic;
				CURRENT_PROJECT_VERSION = 1;
				GENERATE_INFOPLIST_FILE = YES;
				IPHONEOS_DEPLOYMENT_TARGET = 16.1;
				MARKETING_VERSION = 1.0;
				PRODUCT_BUNDLE_IDENTIFIER = com.test.BankingAppTests;
				PRODUCT_NAME = "$(TARGET_NAME)";
				SWIFT_EMIT_LOC_STRINGS = NO;
				SWIFT_VERSION = 5.0;
				TARGETED_DEVICE_FAMILY = "1,2";
				TEST_HOST = "$(BUILT_PRODUCTS_DIR)/BankingApp.app/$(BUNDLE_EXECUTABLE_FOLDER_PATH)/BankingApp";
			};
			name = Debug;
		};
		AB6D53752A081C9F004737A5 /* Release */ = {
			isa = XCBuildConfiguration;
			buildSettings = {
				ALWAYS_EMBED_SWIFT_STANDARD_LIBRARIES = YES;
				BUNDLE_LOADER = "$(TEST_HOST)";
				CODE_SIGN_STYLE = Automatic;
				CURRENT_PROJECT_VERSION = 1;
				GENERATE_INFOPLIST_FILE = YES;
				IPHONEOS_DEPLOYMENT_TARGET = 16.1;
				MARKETING_VERSION = 1.0;
				PRODUCT_BUNDLE_IDENTIFIER = com.test.BankingAppTests;
				PRODUCT_NAME = "$(TARGET_NAME)";
				SWIFT_EMIT_LOC_STRINGS = NO;
				SWIFT_VERSION = 5.0;
				TARGETED_DEVICE_FAMILY = "1,2";
				TEST_HOST = "$(BUILT_PRODUCTS_DIR)/BankingApp.app/$(BUNDLE_EXECUTABLE_FOLDER_PATH)/BankingApp";
			};
			name = Release;
		};
		AB6D53772A081C9F004737A5 /* Debug */ = {
			isa = XCBuildConfiguration;
			buildSettings = {
				ALWAYS_EMBED_SWIFT_STANDARD_LIBRARIES = YES;
				CODE_SIGN_STYLE = Automatic;
				CURRENT_PROJECT_VERSION = 1;
				GENERATE_INFOPLIST_FILE = YES;
				MARKETING_VERSION = 1.0;
				PRODUCT_BUNDLE_IDENTIFIER = com.test.BankingAppUITests;
				PRODUCT_NAME = "$(TARGET_NAME)";
				SWIFT_EMIT_LOC_STRINGS = NO;
				SWIFT_VERSION = 5.0;
				TARGETED_DEVICE_FAMILY = "1,2";
				TEST_TARGET_NAME = BankingApp;
			};
			name = Debug;
		};
		AB6D53782A081C9F004737A5 /* Release */ = {
			isa = XCBuildConfiguration;
			buildSettings = {
				ALWAYS_EMBED_SWIFT_STANDARD_LIBRARIES = YES;
				CODE_SIGN_STYLE = Automatic;
				CURRENT_PROJECT_VERSION = 1;
				GENERATE_INFOPLIST_FILE = YES;
				MARKETING_VERSION = 1.0;
				PRODUCT_BUNDLE_IDENTIFIER = com.test.BankingAppUITests;
				PRODUCT_NAME = "$(TARGET_NAME)";
				SWIFT_EMIT_LOC_STRINGS = NO;
				SWIFT_VERSION = 5.0;
				TARGETED_DEVICE_FAMILY = "1,2";
				TEST_TARGET_NAME = BankingApp;
			};
			name = Release;
		};
/* End XCBuildConfiguration section */

/* Begin XCConfigurationList section */
		AB6D53412A081C9C004737A5 /* Build configuration list for PBXProject "BankingApp" */ = {
			isa = XCConfigurationList;
			buildConfigurations = (
				AB6D536E2A081C9F004737A5 /* Debug */,
				AB6D536F2A081C9F004737A5 /* Release */,
			);
			defaultConfigurationIsVisible = 0;
			defaultConfigurationName = Release;
		};
		AB6D53702A081C9F004737A5 /* Build configuration list for PBXNativeTarget "BankingApp" */ = {
			isa = XCConfigurationList;
			buildConfigurations = (
				AB6D53712A081C9F004737A5 /* Debug */,
				AB6D53722A081C9F004737A5 /* Release */,
			);
			defaultConfigurationIsVisible = 0;
			defaultConfigurationName = Release;
		};
		AB6D53732A081C9F004737A5 /* Build configuration list for PBXNativeTarget "BankingAppTests" */ = {
			isa = XCConfigurationList;
			buildConfigurations = (
				AB6D53742A081C9F004737A5 /* Debug */,
				AB6D53752A081C9F004737A5 /* Release */,
			);
			defaultConfigurationIsVisible = 0;
			defaultConfigurationName = Release;
		};
		AB6D53762A081C9F004737A5 /* Build configuration list for PBXNativeTarget "BankingAppUITests" */ = {
			isa = XCConfigurationList;
			buildConfigurations = (
				AB6D53772A081C9F004737A5 /* Debug */,
				AB6D53782A081C9F004737A5 /* Release */,
			);
			defaultConfigurationIsVisible = 0;
			defaultConfigurationName = Release;
		};
/* End XCConfigurationList section */
	};
	rootObject = AB6D533E2A081C9C004737A5 /* Project object */;
}
